
Microsoft Visual Studio Solution File, Format Version 12.00
# Visual Studio Version 16
VisualStudioVersion = 16.0.30011.22
MinimumVisualStudioVersion = 10.0.40219.1
Project("{FAE04EC0-301F-11D3-BF4B-00C04F79EFBC}") = "BookstoreLibrary", "BookstoreLibrary\BookstoreLibrary.csproj", "{0882DB1D-BDBC-4665-8C2B-1A74816A196B}"
EndProject
Project("{FAE04EC0-301F-11D3-BF4B-00C04F79EFBC}") = "ConsoleApp1", "ConsoleApp1\ConsoleApp1.csproj", "{AEDC8F52-F9A2-4AF5-A1DB-ABB47BA6DDA6}"
EndProject
Project("{FAE04EC0-301F-11D3-BF4B-00C04F79EFBC}") = "ConsoleApp2", "ConsoleApp2\ConsoleApp2.csproj", "{0E787D61-7A9D-416F-A7BA-D557C8379C70}"
EndProject
Global
	GlobalSection(SolutionConfigurationPlatforms) = preSolution
		Debug|Any CPU = Debug|Any CPU
		Release|Any CPU = Release|Any CPU
	EndGlobalSection
	GlobalSection(ProjectConfigurationPlatforms) = postSolution
		{0882DB1D-BDBC-4665-8C2B-1A74816A196B}.Debug|Any CPU.ActiveCfg = Debug|Any CPU
		{0882DB1D-BDBC-4665-8C2B-1A74816A196B}.Debug|Any CPU.Build.0 = Debug|Any CPU
		{0882DB1D-BDBC-4665-8C2B-1A74816A196B}.Release|Any CPU.ActiveCfg = Release|Any CPU
		{0882DB1D-BDBC-4665-8C2B-1A74816A196B}.Release|Any CPU.Build.0 = Release|Any CPU
		{AEDC8F52-F9A2-4AF5-A1DB-ABB47BA6DDA6}.Debug|Any CPU.ActiveCfg = Debug|Any CPU
		{AEDC8F52-F9A2-4AF5-A1DB-ABB47BA6DDA6}.Debug|Any CPU.Build.0 = Debug|Any CPU
		{AEDC8F52-F9A2-4AF5-A1DB-ABB47BA6DDA6}.Release|Any CPU.ActiveCfg = Release|Any CPU
		{AEDC8F52-F9A2-4AF5-A1DB-ABB47BA6DDA6}.Release|Any CPU.Build.0 = Release|Any CPU
		{0E787D61-7A9D-416F-A7BA-D557C8379C70}.Debug|Any CPU.ActiveCfg = Debug|Any CPU
		{0E787D61-7A9D-416F-A7BA-D557C8379C70}.Debug|Any CPU.Build.0 = Debug|Any CPU
		{0E787D61-7A9D-416F-A7BA-D557C8379C70}.Release|Any CPU.ActiveCfg = Release|Any CPU
		{0E787D61-7A9D-416F-A7BA-D557C8379C70}.Release|Any CPU.Build.0 = Release|Any CPU
	EndGlobalSection
	GlobalSection(SolutionProperties) = preSolution
		HideSolutionNode = FALSE
	EndGlobalSection
	GlobalSection(ExtensibilityGlobals) = postSolution
		SolutionGuid = {E7BB47E6-40C4-4CA7-8AEA-7BF96FFBEB12}
	EndGlobalSection
EndGlobal
