
Microsoft Visual Studio Solution File, Format Version 12.00
# Visual Studio Version 16
VisualStudioVersion = 16.0.29424.173
MinimumVisualStudioVersion = 10.0.40219.1
Project("{FAE04EC0-301F-11D3-BF4B-00C04F79EFBC}") = "Sem13", "Sem13\Sem13.csproj", "{B510A5DD-2946-4A34-B7C3-434E61103EAE}"
EndProject
Global
	GlobalSection(SolutionConfigurationPlatforms) = preSolution
		Debug|Any CPU = Debug|Any CPU
		Release|Any CPU = Release|Any CPU
	EndGlobalSection
	GlobalSection(ProjectConfigurationPlatforms) = postSolution
		{B510A5DD-2946-4A34-B7C3-434E61103EAE}.Debug|Any CPU.ActiveCfg = Debug|Any CPU
		{B510A5DD-2946-4A34-B7C3-434E61103EAE}.Debug|Any CPU.Build.0 = Debug|Any CPU
		{B510A5DD-2946-4A34-B7C3-434E61103EAE}.Release|Any CPU.ActiveCfg = Release|Any CPU
		{B510A5DD-2946-4A34-B7C3-434E61103EAE}.Release|Any CPU.Build.0 = Release|Any CPU
	EndGlobalSection
	GlobalSection(SolutionProperties) = preSolution
		HideSolutionNode = FALSE
	EndGlobalSection
	GlobalSection(ExtensibilityGlobals) = postSolution
		SolutionGuid = {59A96640-1020-40FB-9897-9027A70B59EC}
	EndGlobalSection
EndGlobal
