
Microsoft Visual Studio Solution File, Format Version 12.00
# Visual Studio Version 16
VisualStudioVersion = 16.0.29424.173
MinimumVisualStudioVersion = 10.0.40219.1
Project("{FAE04EC0-301F-11D3-BF4B-00C04F79EFBC}") = "MyExamIsntToday", "MyExamIsntToday\MyExamIsntToday.csproj", "{049329B9-9744-4B24-81E5-28CD0DF2CD1A}"
EndProject
Project("{FAE04EC0-301F-11D3-BF4B-00C04F79EFBC}") = "ClassLibrary1", "ClassLibrary1\ClassLibrary1.csproj", "{1775594F-9981-44CC-84A1-1DF4973175C3}"
EndProject
Global
	GlobalSection(SolutionConfigurationPlatforms) = preSolution
		Debug|Any CPU = Debug|Any CPU
		Release|Any CPU = Release|Any CPU
	EndGlobalSection
	GlobalSection(ProjectConfigurationPlatforms) = postSolution
		{049329B9-9744-4B24-81E5-28CD0DF2CD1A}.Debug|Any CPU.ActiveCfg = Debug|Any CPU
		{049329B9-9744-4B24-81E5-28CD0DF2CD1A}.Debug|Any CPU.Build.0 = Debug|Any CPU
		{049329B9-9744-4B24-81E5-28CD0DF2CD1A}.Release|Any CPU.ActiveCfg = Release|Any CPU
		{049329B9-9744-4B24-81E5-28CD0DF2CD1A}.Release|Any CPU.Build.0 = Release|Any CPU
		{1775594F-9981-44CC-84A1-1DF4973175C3}.Debug|Any CPU.ActiveCfg = Debug|Any CPU
		{1775594F-9981-44CC-84A1-1DF4973175C3}.Debug|Any CPU.Build.0 = Debug|Any CPU
		{1775594F-9981-44CC-84A1-1DF4973175C3}.Release|Any CPU.ActiveCfg = Release|Any CPU
		{1775594F-9981-44CC-84A1-1DF4973175C3}.Release|Any CPU.Build.0 = Release|Any CPU
	EndGlobalSection
	GlobalSection(SolutionProperties) = preSolution
		HideSolutionNode = FALSE
	EndGlobalSection
	GlobalSection(ExtensibilityGlobals) = postSolution
		SolutionGuid = {4AF3A4EE-DEF9-47A9-96E8-8A58CDDBFE48}
	EndGlobalSection
EndGlobal
