
Microsoft Visual Studio Solution File, Format Version 12.00
# Visual Studio Version 16
VisualStudioVersion = 16.0.29424.173
MinimumVisualStudioVersion = 10.0.40219.1
Project("{FAE04EC0-301F-11D3-BF4B-00C04F79EFBC}") = "Sem14", "Sem14\Sem14.csproj", "{4AF48F2F-A27C-41EA-9E13-848AF97DA7E0}"
EndProject
Project("{FAE04EC0-301F-11D3-BF4B-00C04F79EFBC}") = "Task2", "Task2\Task2.csproj", "{0D5A064B-4D1A-4CB7-87A6-9BF7362C6AE9}"
EndProject
Project("{FAE04EC0-301F-11D3-BF4B-00C04F79EFBC}") = "Task3", "Task3\Task3.csproj", "{1D87D7BD-E644-45D7-A0CD-E646FA64AF9F}"
EndProject
Global
	GlobalSection(SolutionConfigurationPlatforms) = preSolution
		Debug|Any CPU = Debug|Any CPU
		Release|Any CPU = Release|Any CPU
	EndGlobalSection
	GlobalSection(ProjectConfigurationPlatforms) = postSolution
		{4AF48F2F-A27C-41EA-9E13-848AF97DA7E0}.Debug|Any CPU.ActiveCfg = Debug|Any CPU
		{4AF48F2F-A27C-41EA-9E13-848AF97DA7E0}.Debug|Any CPU.Build.0 = Debug|Any CPU
		{4AF48F2F-A27C-41EA-9E13-848AF97DA7E0}.Release|Any CPU.ActiveCfg = Release|Any CPU
		{4AF48F2F-A27C-41EA-9E13-848AF97DA7E0}.Release|Any CPU.Build.0 = Release|Any CPU
		{0D5A064B-4D1A-4CB7-87A6-9BF7362C6AE9}.Debug|Any CPU.ActiveCfg = Debug|Any CPU
		{0D5A064B-4D1A-4CB7-87A6-9BF7362C6AE9}.Debug|Any CPU.Build.0 = Debug|Any CPU
		{0D5A064B-4D1A-4CB7-87A6-9BF7362C6AE9}.Release|Any CPU.ActiveCfg = Release|Any CPU
		{0D5A064B-4D1A-4CB7-87A6-9BF7362C6AE9}.Release|Any CPU.Build.0 = Release|Any CPU
		{1D87D7BD-E644-45D7-A0CD-E646FA64AF9F}.Debug|Any CPU.ActiveCfg = Debug|Any CPU
		{1D87D7BD-E644-45D7-A0CD-E646FA64AF9F}.Debug|Any CPU.Build.0 = Debug|Any CPU
		{1D87D7BD-E644-45D7-A0CD-E646FA64AF9F}.Release|Any CPU.ActiveCfg = Release|Any CPU
		{1D87D7BD-E644-45D7-A0CD-E646FA64AF9F}.Release|Any CPU.Build.0 = Release|Any CPU
	EndGlobalSection
	GlobalSection(SolutionProperties) = preSolution
		HideSolutionNode = FALSE
	EndGlobalSection
	GlobalSection(ExtensibilityGlobals) = postSolution
		SolutionGuid = {E2A03280-AA80-425C-B302-4AD2FD9069A7}
	EndGlobalSection
EndGlobal
