
Microsoft Visual Studio Solution File, Format Version 12.00
# Visual Studio Version 16
VisualStudioVersion = 16.0.29230.47
MinimumVisualStudioVersion = 10.0.40219.1
Project("{FAE04EC0-301F-11D3-BF4B-00C04F79EFBC}") = "SR", "SR\SR.csproj", "{BA85097A-8736-49A8-8A3D-5AC2D0EBCBA4}"
EndProject
Global
	GlobalSection(SolutionConfigurationPlatforms) = preSolution
		Debug|Any CPU = Debug|Any CPU
		Release|Any CPU = Release|Any CPU
	EndGlobalSection
	GlobalSection(ProjectConfigurationPlatforms) = postSolution
		{BA85097A-8736-49A8-8A3D-5AC2D0EBCBA4}.Debug|Any CPU.ActiveCfg = Debug|Any CPU
		{BA85097A-8736-49A8-8A3D-5AC2D0EBCBA4}.Debug|Any CPU.Build.0 = Debug|Any CPU
		{BA85097A-8736-49A8-8A3D-5AC2D0EBCBA4}.Release|Any CPU.ActiveCfg = Release|Any CPU
		{BA85097A-8736-49A8-8A3D-5AC2D0EBCBA4}.Release|Any CPU.Build.0 = Release|Any CPU
	EndGlobalSection
	GlobalSection(SolutionProperties) = preSolution
		HideSolutionNode = FALSE
	EndGlobalSection
	GlobalSection(ExtensibilityGlobals) = postSolution
		SolutionGuid = {D6407A2A-B209-4AAF-9823-779E775AD3B1}
	EndGlobalSection
EndGlobal
