
Microsoft Visual Studio Solution File, Format Version 12.00
# Visual Studio Version 16
VisualStudioVersion = 16.0.29905.134
MinimumVisualStudioVersion = 10.0.40219.1
Project("{FAE04EC0-301F-11D3-BF4B-00C04F79EFBC}") = "Sem23", "Sem23\Sem23.csproj", "{EC7C9A0A-7942-4F25-9210-555A15BD52C2}"
EndProject
Global
	GlobalSection(SolutionConfigurationPlatforms) = preSolution
		Debug|Any CPU = Debug|Any CPU
		Release|Any CPU = Release|Any CPU
	EndGlobalSection
	GlobalSection(ProjectConfigurationPlatforms) = postSolution
		{EC7C9A0A-7942-4F25-9210-555A15BD52C2}.Debug|Any CPU.ActiveCfg = Debug|Any CPU
		{EC7C9A0A-7942-4F25-9210-555A15BD52C2}.Debug|Any CPU.Build.0 = Debug|Any CPU
		{EC7C9A0A-7942-4F25-9210-555A15BD52C2}.Release|Any CPU.ActiveCfg = Release|Any CPU
		{EC7C9A0A-7942-4F25-9210-555A15BD52C2}.Release|Any CPU.Build.0 = Release|Any CPU
	EndGlobalSection
	GlobalSection(SolutionProperties) = preSolution
		HideSolutionNode = FALSE
	EndGlobalSection
	GlobalSection(ExtensibilityGlobals) = postSolution
		SolutionGuid = {393E7CD7-4D4B-4775-B613-EC27688FB2F4}
	EndGlobalSection
EndGlobal
