
Microsoft Visual Studio Solution File, Format Version 12.00
# Visual Studio Version 16
VisualStudioVersion = 16.0.29424.173
MinimumVisualStudioVersion = 10.0.40219.1
Project("{FAE04EC0-301F-11D3-BF4B-00C04F79EFBC}") = "Sem12", "Sem12\Sem12.csproj", "{88910E34-1992-46E3-8558-2EFE53F775A0}"
EndProject
Global
	GlobalSection(SolutionConfigurationPlatforms) = preSolution
		Debug|Any CPU = Debug|Any CPU
		Release|Any CPU = Release|Any CPU
	EndGlobalSection
	GlobalSection(ProjectConfigurationPlatforms) = postSolution
		{88910E34-1992-46E3-8558-2EFE53F775A0}.Debug|Any CPU.ActiveCfg = Debug|Any CPU
		{88910E34-1992-46E3-8558-2EFE53F775A0}.Debug|Any CPU.Build.0 = Debug|Any CPU
		{88910E34-1992-46E3-8558-2EFE53F775A0}.Release|Any CPU.ActiveCfg = Release|Any CPU
		{88910E34-1992-46E3-8558-2EFE53F775A0}.Release|Any CPU.Build.0 = Release|Any CPU
	EndGlobalSection
	GlobalSection(SolutionProperties) = preSolution
		HideSolutionNode = FALSE
	EndGlobalSection
	GlobalSection(ExtensibilityGlobals) = postSolution
		SolutionGuid = {6467A22F-BFC8-47C8-8E4B-E2A82D491B92}
	EndGlobalSection
EndGlobal
